
Microsoft Visual Studio Solution File, Format Version 12.00
# Visual Studio Version 16
VisualStudioVersion = 16.0.30413.136
MinimumVisualStudioVersion = 10.0.40219.1
Project("{FAE04EC0-301F-11D3-BF4B-00C04F79EFBC}") = "OcelotApi", "OcelotApi\OcelotApi.csproj", "{78079EAB-53E8-4B6A-B423-FF51D4CE10CB}"
EndProject
Global
	GlobalSection(SolutionConfigurationPlatforms) = preSolution
		Debug|Any CPU = Debug|Any CPU
		Release|Any CPU = Release|Any CPU
	EndGlobalSection
	GlobalSection(ProjectConfigurationPlatforms) = postSolution
		{78079EAB-53E8-4B6A-B423-FF51D4CE10CB}.Debug|Any CPU.ActiveCfg = Debug|Any CPU
		{78079EAB-53E8-4B6A-B423-FF51D4CE10CB}.Debug|Any CPU.Build.0 = Debug|Any CPU
		{78079EAB-53E8-4B6A-B423-FF51D4CE10CB}.Release|Any CPU.ActiveCfg = Release|Any CPU
		{78079EAB-53E8-4B6A-B423-FF51D4CE10CB}.Release|Any CPU.Build.0 = Release|Any CPU
	EndGlobalSection
	GlobalSection(SolutionProperties) = preSolution
		HideSolutionNode = FALSE
	EndGlobalSection
	GlobalSection(ExtensibilityGlobals) = postSolution
		SolutionGuid = {B54BD6AD-AF41-4F32-A129-7DE730DFE143}
	EndGlobalSection
EndGlobal
